
Microsoft Visual Studio Solution File, Format Version 12.00
# Visual Studio Version 16
VisualStudioVersion = 16.0.31624.102
MinimumVisualStudioVersion = 10.0.40219.1
Project("{8BC9CEB8-8B4A-11D0-8D11-00A0C91BC942}") = "BlackJackDaniels", "BlackJackDaniels.vcxproj", "{777748FC-0880-404B-8DE1-C2E7934EB066}"
EndProject
Global
	GlobalSection(SolutionConfigurationPlatforms) = preSolution
		Debug|x64 = Debug|x64
		Debug|x86 = Debug|x86
		Release|x64 = Release|x64
		Release|x86 = Release|x86
	EndGlobalSection
	GlobalSection(ProjectConfigurationPlatforms) = postSolution
		{777748FC-0880-404B-8DE1-C2E7934EB066}.Debug|x64.ActiveCfg = Debug|x64
		{777748FC-0880-404B-8DE1-C2E7934EB066}.Debug|x64.Build.0 = Debug|x64
		{777748FC-0880-404B-8DE1-C2E7934EB066}.Debug|x86.ActiveCfg = Debug|Win32
		{777748FC-0880-404B-8DE1-C2E7934EB066}.Debug|x86.Build.0 = Debug|Win32
		{777748FC-0880-404B-8DE1-C2E7934EB066}.Release|x64.ActiveCfg = Release|x64
		{777748FC-0880-404B-8DE1-C2E7934EB066}.Release|x64.Build.0 = Release|x64
		{777748FC-0880-404B-8DE1-C2E7934EB066}.Release|x86.ActiveCfg = Release|Win32
		{777748FC-0880-404B-8DE1-C2E7934EB066}.Release|x86.Build.0 = Release|Win32
	EndGlobalSection
	GlobalSection(SolutionProperties) = preSolution
		HideSolutionNode = FALSE
	EndGlobalSection
	GlobalSection(ExtensibilityGlobals) = postSolution
		SolutionGuid = {4A2E7013-9D2C-4C7A-B9F0-357CA219EBFB}
	EndGlobalSection
EndGlobal
